
Microsoft Visual Studio Solution File, Format Version 12.00
# Visual Studio 15
Project("{FAE04EC0-301F-11D3-BF4B-00C04F79EFBC}") = "Prac.qtdcore", "Prac.qtdcore\Prac.qtdcore.csproj", "{57824B4B-7B8B-4015-B92F-7C8930FBCF93}"
EndProject
Project("{FAE04EC0-301F-11D3-BF4B-00C04F79EFBC}") = "TestPrj", "TestPrj\TestPrj.csproj", "{65A9EE1F-3C0D-4147-91FB-27958CDF1DA8}"
EndProject
Global
	GlobalSection(SolutionConfigurationPlatforms) = preSolution
		Debug|x86 = Debug|x86
		Release|x86 = Release|x86
	EndGlobalSection
	GlobalSection(ProjectConfigurationPlatforms) = postSolution
		{57824B4B-7B8B-4015-B92F-7C8930FBCF93}.Debug|x86.ActiveCfg = Debug|x86
		{57824B4B-7B8B-4015-B92F-7C8930FBCF93}.Debug|x86.Build.0 = Debug|x86
		{57824B4B-7B8B-4015-B92F-7C8930FBCF93}.Release|x86.ActiveCfg = Release|x86
		{57824B4B-7B8B-4015-B92F-7C8930FBCF93}.Release|x86.Build.0 = Release|x86
		{65A9EE1F-3C0D-4147-91FB-27958CDF1DA8}.Debug|x86.ActiveCfg = Debug|Any CPU
		{65A9EE1F-3C0D-4147-91FB-27958CDF1DA8}.Debug|x86.Build.0 = Debug|Any CPU
		{65A9EE1F-3C0D-4147-91FB-27958CDF1DA8}.Release|x86.ActiveCfg = Release|Any CPU
		{65A9EE1F-3C0D-4147-91FB-27958CDF1DA8}.Release|x86.Build.0 = Release|Any CPU
	EndGlobalSection
EndGlobal
